# This file is automatically @generated by Cargo.
# It is not intended for manual editing.
version = 4

[[package]]
name = "blindpass-broker"
version = "0.1.0"
dependencies = [
 "blindpass-core",
]

[[package]]
name = "blindpass-cli"
version = "0.1.0"
dependencies = [
 "blindpass-core",
]

[[package]]
name = "blindpass-controller"
version = "0.1.0"
dependencies = [
 "blindpass-core",
]

[[package]]
name = "blindpass-core"
version = "0.1.0"
